// !$*UTF8*$!
{
	archiveVersion = 1;
	classes = {
	};
	objectVersion = 50;
	objects = {

/* Begin PBXBuildFile section */
		605FC38D76B8F64C34A77601 /* libPods-Twitter.a in Frameworks */ = {isa = PBXBuildFile; fileRef = 2D3CA58CFCAFEF165CD02CA3 /* libPods-Twitter.a */; };
		A906150021F9D05100CB8C20 /* AppDelegate.m in Sources */ = {isa = PBXBuildFile; fileRef = A90614FF21F9D05100CB8C20 /* AppDelegate.m */; };
		A906150321F9D05100CB8C20 /* FeedViewController.m in Sources */ = {isa = PBXBuildFile; fileRef = A906150221F9D05100CB8C20 /* FeedViewController.m */; };
		A906150621F9D05100CB8C20 /* SearchViewController.m in Sources */ = {isa = PBXBuildFile; fileRef = A906150521F9D05100CB8C20 /* SearchViewController.m */; };
		A906150921F9D05100CB8C20 /* Feed.storyboard in Resources */ = {isa = PBXBuildFile; fileRef = A906150721F9D05100CB8C20 /* Feed.storyboard */; };
		A906150E21F9D05400CB8C20 /* LaunchScreen.storyboard in Resources */ = {isa = PBXBuildFile; fileRef = A906150C21F9D05400CB8C20 /* LaunchScreen.storyboard */; };
		A906151121F9D05400CB8C20 /* main.m in Sources */ = {isa = PBXBuildFile; fileRef = A906151021F9D05400CB8C20 /* main.m */; };
		A906151F21F9F4D700CB8C20 /* Login.storyboard in Resources */ = {isa = PBXBuildFile; fileRef = A906151E21F9F4D700CB8C20 /* Login.storyboard */; };
		A906152421F9FEDA00CB8C20 /* LoginViewController.m in Sources */ = {isa = PBXBuildFile; fileRef = A906152321F9FEDA00CB8C20 /* LoginViewController.m */; };
		A906152721FA094200CB8C20 /* RegisterViewController.m in Sources */ = {isa = PBXBuildFile; fileRef = A906152621FA094200CB8C20 /* RegisterViewController.m */; };
		A906152C21FB06EF00CB8C20 /* TwitViewController.m in Sources */ = {isa = PBXBuildFile; fileRef = A906152B21FB06EF00CB8C20 /* TwitViewController.m */; };
		A906153621FB131D00CB8C20 /* FeedTableViewCell.m in Sources */ = {isa = PBXBuildFile; fileRef = A906153521FB131D00CB8C20 /* FeedTableViewCell.m */; };
		A906153921FB28F600CB8C20 /* Search.storyboard in Resources */ = {isa = PBXBuildFile; fileRef = A906153721FB28F600CB8C20 /* Search.storyboard */; };
		A906153D21FB45BF00CB8C20 /* SideMenuViewController.m in Sources */ = {isa = PBXBuildFile; fileRef = A906153C21FB45BF00CB8C20 /* SideMenuViewController.m */; };
		A906154B21FB479A00CB8C20 /* MMDrawerController.m in Sources */ = {isa = PBXBuildFile; fileRef = A906154321FB479A00CB8C20 /* MMDrawerController.m */; };
		A906155121FB663000CB8C20 /* UIViewController+MMDrawerController.m in Sources */ = {isa = PBXBuildFile; fileRef = A906155021FB663000CB8C20 /* UIViewController+MMDrawerController.m */; };
		A9198E212203406E00ACEAC7 /* DetailBookmarkViewController.swift in Sources */ = {isa = PBXBuildFile; fileRef = A9198E202203406E00ACEAC7 /* DetailBookmarkViewController.swift */; };
		A970E98921FF2CDE00CF324F /* RegisterDetailViewController.m in Sources */ = {isa = PBXBuildFile; fileRef = A970E98821FF2CDE00CF324F /* RegisterDetailViewController.m */; };
		A970E98B22004AC900CF324F /* Assets.xcassets in Resources */ = {isa = PBXBuildFile; fileRef = A970E98A22004AC900CF324F /* Assets.xcassets */; };
		A970E98F2200626C00CF324F /* AddTweetViewController.m in Sources */ = {isa = PBXBuildFile; fileRef = A970E98E2200626C00CF324F /* AddTweetViewController.m */; };
		A970E9932200CF2700CF324F /* TweetFirebase.m in Sources */ = {isa = PBXBuildFile; fileRef = A970E9922200CF2700CF324F /* TweetFirebase.m */; };
		A970E9962201CF3800CF324F /* SearchTableViewCell.m in Sources */ = {isa = PBXBuildFile; fileRef = A970E9952201CF3800CF324F /* SearchTableViewCell.m */; };
		A970E9992201E1A800CF324F /* UserFirebase.m in Sources */ = {isa = PBXBuildFile; fileRef = A970E9982201E1A800CF324F /* UserFirebase.m */; };
		A970E9C12202E48300CF324F /* BookmarkTableViewCell.swift in Sources */ = {isa = PBXBuildFile; fileRef = A970E9C02202E48300CF324F /* BookmarkTableViewCell.swift */; };
		A9B3A8C32202ED9300502B6B /* TweetRealm.m in Sources */ = {isa = PBXBuildFile; fileRef = A9B3A8C22202ED9300502B6B /* TweetRealm.m */; };
		A9B3A8C52202FBB700502B6B /* libc++.1.tbd in Frameworks */ = {isa = PBXBuildFile; fileRef = A9B3A8C42202FBB700502B6B /* libc++.1.tbd */; };
		A9B3A8CA220315B800502B6B /* BookmarkViewController.swift in Sources */ = {isa = PBXBuildFile; fileRef = A9B3A8C9220315B800502B6B /* BookmarkViewController.swift */; };
		A9FBC50E21FF14A200F2DE98 /* GoogleService-Info.plist in Resources */ = {isa = PBXBuildFile; fileRef = A9FBC50D21FF14A100F2DE98 /* GoogleService-Info.plist */; };
/* End PBXBuildFile section */

/* Begin PBXFileReference section */
		0160BBE7BAD668898327FB65 /* Pods-Twitter.debug.xcconfig */ = {isa = PBXFileReference; includeInIndex = 1; lastKnownFileType = text.xcconfig; name = "Pods-Twitter.debug.xcconfig"; path = "Pods/Target Support Files/Pods-Twitter/Pods-Twitter.debug.xcconfig"; sourceTree = "<group>"; };
		0DF59DBF5BF6958ABF6C1DC1 /* Pods-Twitter.release.xcconfig */ = {isa = PBXFileReference; includeInIndex = 1; lastKnownFileType = text.xcconfig; name = "Pods-Twitter.release.xcconfig"; path = "Pods/Target Support Files/Pods-Twitter/Pods-Twitter.release.xcconfig"; sourceTree = "<group>"; };
		2D3CA58CFCAFEF165CD02CA3 /* libPods-Twitter.a */ = {isa = PBXFileReference; explicitFileType = archive.ar; includeInIndex = 0; path = "libPods-Twitter.a"; sourceTree = BUILT_PRODUCTS_DIR; };
		A90614FB21F9D05100CB8C20 /* Twitter.app */ = {isa = PBXFileReference; explicitFileType = wrapper.application; includeInIndex = 0; path = Twitter.app; sourceTree = BUILT_PRODUCTS_DIR; };
		A90614FE21F9D05100CB8C20 /* AppDelegate.h */ = {isa = PBXFileReference; lastKnownFileType = sourcecode.c.h; path = AppDelegate.h; sourceTree = "<group>"; };
		A90614FF21F9D05100CB8C20 /* AppDelegate.m */ = {isa = PBXFileReference; lastKnownFileType = sourcecode.c.objc; path = AppDelegate.m; sourceTree = "<group>"; };
		A906150121F9D05100CB8C20 /* FeedViewController.h */ = {isa = PBXFileReference; lastKnownFileType = sourcecode.c.h; path = FeedViewController.h; sourceTree = "<group>"; };
		A906150221F9D05100CB8C20 /* FeedViewController.m */ = {isa = PBXFileReference; lastKnownFileType = sourcecode.c.objc; path = FeedViewController.m; sourceTree = "<group>"; };
		A906150421F9D05100CB8C20 /* SearchViewController.h */ = {isa = PBXFileReference; lastKnownFileType = sourcecode.c.h; path = SearchViewController.h; sourceTree = "<group>"; };
		A906150521F9D05100CB8C20 /* SearchViewController.m */ = {isa = PBXFileReference; lastKnownFileType = sourcecode.c.objc; path = SearchViewController.m; sourceTree = "<group>"; };
		A906150821F9D05100CB8C20 /* Base */ = {isa = PBXFileReference; lastKnownFileType = file.storyboard; name = Base; path = Base.lproj/Feed.storyboard; sourceTree = "<group>"; };
		A906150D21F9D05400CB8C20 /* Base */ = {isa = PBXFileReference; lastKnownFileType = file.storyboard; name = Base; path = Base.lproj/LaunchScreen.storyboard; sourceTree = "<group>"; };
		A906150F21F9D05400CB8C20 /* Info.plist */ = {isa = PBXFileReference; lastKnownFileType = text.plist.xml; path = Info.plist; sourceTree = "<group>"; };
		A906151021F9D05400CB8C20 /* main.m */ = {isa = PBXFileReference; lastKnownFileType = sourcecode.c.objc; path = main.m; sourceTree = "<group>"; };
		A906151E21F9F4D700CB8C20 /* Login.storyboard */ = {isa = PBXFileReference; lastKnownFileType = file.storyboard; path = Login.storyboard; sourceTree = "<group>"; };
		A906152221F9FEDA00CB8C20 /* LoginViewController.h */ = {isa = PBXFileReference; lastKnownFileType = sourcecode.c.h; path = LoginViewController.h; sourceTree = "<group>"; };
		A906152321F9FEDA00CB8C20 /* LoginViewController.m */ = {isa = PBXFileReference; lastKnownFileType = sourcecode.c.objc; path = LoginViewController.m; sourceTree = "<group>"; };
		A906152521FA094200CB8C20 /* RegisterViewController.h */ = {isa = PBXFileReference; lastKnownFileType = sourcecode.c.h; path = RegisterViewController.h; sourceTree = "<group>"; };
		A906152621FA094200CB8C20 /* RegisterViewController.m */ = {isa = PBXFileReference; lastKnownFileType = sourcecode.c.objc; path = RegisterViewController.m; sourceTree = "<group>"; };
		A906152921FA17B800CB8C20 /* Twitter.entitlements */ = {isa = PBXFileReference; lastKnownFileType = text.plist.entitlements; path = Twitter.entitlements; sourceTree = "<group>"; };
		A906152A21FB06EF00CB8C20 /* TwitViewController.h */ = {isa = PBXFileReference; lastKnownFileType = sourcecode.c.h; path = TwitViewController.h; sourceTree = "<group>"; };
		A906152B21FB06EF00CB8C20 /* TwitViewController.m */ = {isa = PBXFileReference; lastKnownFileType = sourcecode.c.objc; path = TwitViewController.m; sourceTree = "<group>"; };
		A906153421FB131D00CB8C20 /* FeedTableViewCell.h */ = {isa = PBXFileReference; lastKnownFileType = sourcecode.c.h; path = FeedTableViewCell.h; sourceTree = "<group>"; };
		A906153521FB131D00CB8C20 /* FeedTableViewCell.m */ = {isa = PBXFileReference; lastKnownFileType = sourcecode.c.objc; path = FeedTableViewCell.m; sourceTree = "<group>"; };
		A906153821FB28F600CB8C20 /* Base */ = {isa = PBXFileReference; lastKnownFileType = file.storyboard; name = Base; path = Twitter/View/Base.lproj/Search.storyboard; sourceTree = "<group>"; };
		A906153B21FB45BF00CB8C20 /* SideMenuViewController.h */ = {isa = PBXFileReference; lastKnownFileType = sourcecode.c.h; path = SideMenuViewController.h; sourceTree = "<group>"; };
		A906153C21FB45BF00CB8C20 /* SideMenuViewController.m */ = {isa = PBXFileReference; lastKnownFileType = sourcecode.c.objc; path = SideMenuViewController.m; sourceTree = "<group>"; };
		A906154321FB479A00CB8C20 /* MMDrawerController.m */ = {isa = PBXFileReference; fileEncoding = 4; lastKnownFileType = sourcecode.c.objc; path = MMDrawerController.m; sourceTree = "<group>"; };
		A906154421FB479A00CB8C20 /* MMDrawerController.h */ = {isa = PBXFileReference; fileEncoding = 4; lastKnownFileType = sourcecode.c.h; path = MMDrawerController.h; sourceTree = "<group>"; };
		A906154F21FB663000CB8C20 /* UIViewController+MMDrawerController.h */ = {isa = PBXFileReference; fileEncoding = 4; lastKnownFileType = sourcecode.c.h; path = "UIViewController+MMDrawerController.h"; sourceTree = "<group>"; };
		A906155021FB663000CB8C20 /* UIViewController+MMDrawerController.m */ = {isa = PBXFileReference; fileEncoding = 4; lastKnownFileType = sourcecode.c.objc; path = "UIViewController+MMDrawerController.m"; sourceTree = "<group>"; };
		A9198E202203406E00ACEAC7 /* DetailBookmarkViewController.swift */ = {isa = PBXFileReference; lastKnownFileType = sourcecode.swift; path = DetailBookmarkViewController.swift; sourceTree = "<group>"; };
		A970E98721FF2CDE00CF324F /* RegisterDetailViewController.h */ = {isa = PBXFileReference; lastKnownFileType = sourcecode.c.h; path = RegisterDetailViewController.h; sourceTree = "<group>"; };
		A970E98821FF2CDE00CF324F /* RegisterDetailViewController.m */ = {isa = PBXFileReference; lastKnownFileType = sourcecode.c.objc; path = RegisterDetailViewController.m; sourceTree = "<group>"; };
		A970E98A22004AC900CF324F /* Assets.xcassets */ = {isa = PBXFileReference; lastKnownFileType = folder.assetcatalog; path = Assets.xcassets; sourceTree = "<group>"; };
		A970E98D2200626C00CF324F /* AddTweetViewController.h */ = {isa = PBXFileReference; lastKnownFileType = sourcecode.c.h; path = AddTweetViewController.h; sourceTree = "<group>"; };
		A970E98E2200626C00CF324F /* AddTweetViewController.m */ = {isa = PBXFileReference; lastKnownFileType = sourcecode.c.objc; path = AddTweetViewController.m; sourceTree = "<group>"; };
		A970E9912200CF2700CF324F /* TweetFirebase.h */ = {isa = PBXFileReference; lastKnownFileType = sourcecode.c.h; path = TweetFirebase.h; sourceTree = "<group>"; };
		A970E9922200CF2700CF324F /* TweetFirebase.m */ = {isa = PBXFileReference; lastKnownFileType = sourcecode.c.objc; path = TweetFirebase.m; sourceTree = "<group>"; };
		A970E9942201CF3800CF324F /* SearchTableViewCell.h */ = {isa = PBXFileReference; lastKnownFileType = sourcecode.c.h; path = SearchTableViewCell.h; sourceTree = "<group>"; };
		A970E9952201CF3800CF324F /* SearchTableViewCell.m */ = {isa = PBXFileReference; lastKnownFileType = sourcecode.c.objc; path = SearchTableViewCell.m; sourceTree = "<group>"; };
		A970E9972201E1A800CF324F /* UserFirebase.h */ = {isa = PBXFileReference; lastKnownFileType = sourcecode.c.h; path = UserFirebase.h; sourceTree = "<group>"; };
		A970E9982201E1A800CF324F /* UserFirebase.m */ = {isa = PBXFileReference; lastKnownFileType = sourcecode.c.objc; path = UserFirebase.m; sourceTree = "<group>"; };
		A970E9C02202E48300CF324F /* BookmarkTableViewCell.swift */ = {isa = PBXFileReference; lastKnownFileType = sourcecode.swift; path = BookmarkTableViewCell.swift; sourceTree = "<group>"; };
		A9B3A8C12202ED9300502B6B /* TweetRealm.h */ = {isa = PBXFileReference; lastKnownFileType = sourcecode.c.h; path = TweetRealm.h; sourceTree = "<group>"; };
		A9B3A8C22202ED9300502B6B /* TweetRealm.m */ = {isa = PBXFileReference; lastKnownFileType = sourcecode.c.objc; path = TweetRealm.m; sourceTree = "<group>"; };
		A9B3A8C42202FBB700502B6B /* libc++.1.tbd */ = {isa = PBXFileReference; lastKnownFileType = "sourcecode.text-based-dylib-definition"; name = "libc++.1.tbd"; path = "usr/lib/libc++.1.tbd"; sourceTree = SDKROOT; };
		A9B3A8C9220315B800502B6B /* BookmarkViewController.swift */ = {isa = PBXFileReference; lastKnownFileType = sourcecode.swift; path = BookmarkViewController.swift; sourceTree = "<group>"; };
		A9F738DE22BFF851009B4173 /* Twitter-Bridging-Header.h */ = {isa = PBXFileReference; lastKnownFileType = sourcecode.c.h; path = "Twitter-Bridging-Header.h"; sourceTree = "<group>"; };
		A9FBC50D21FF14A100F2DE98 /* GoogleService-Info.plist */ = {isa = PBXFileReference; fileEncoding = 4; lastKnownFileType = text.plist.xml; path = "GoogleService-Info.plist"; sourceTree = "<group>"; };
/* End PBXFileReference section */

/* Begin PBXFrameworksBuildPhase section */
		A90614F821F9D05100CB8C20 /* Frameworks */ = {
			isa = PBXFrameworksBuildPhase;
			buildActionMask = 2147483647;
			files = (
				A9B3A8C52202FBB700502B6B /* libc++.1.tbd in Frameworks */,
				605FC38D76B8F64C34A77601 /* libPods-Twitter.a in Frameworks */,
			);
			runOnlyForDeploymentPostprocessing = 0;
		};
/* End PBXFrameworksBuildPhase section */

/* Begin PBXGroup section */
		4E3B69438761E8ECBD659F66 /* Pods */ = {
			isa = PBXGroup;
			children = (
				0160BBE7BAD668898327FB65 /* Pods-Twitter.debug.xcconfig */,
				0DF59DBF5BF6958ABF6C1DC1 /* Pods-Twitter.release.xcconfig */,
			);
			name = Pods;
			sourceTree = "<group>";
		};
		837130A0639BAD1035E359FC /* Frameworks */ = {
			isa = PBXGroup;
			children = (
				A9B3A8C42202FBB700502B6B /* libc++.1.tbd */,
				2D3CA58CFCAFEF165CD02CA3 /* libPods-Twitter.a */,
			);
			name = Frameworks;
			sourceTree = "<group>";
		};
		A90614F221F9D05100CB8C20 = {
			isa = PBXGroup;
			children = (
				A90614FD21F9D05100CB8C20 /* Twitter */,
				A90614FC21F9D05100CB8C20 /* Products */,
				4E3B69438761E8ECBD659F66 /* Pods */,
				837130A0639BAD1035E359FC /* Frameworks */,
			);
			sourceTree = "<group>";
		};
		A90614FC21F9D05100CB8C20 /* Products */ = {
			isa = PBXGroup;
			children = (
				A90614FB21F9D05100CB8C20 /* Twitter.app */,
			);
			name = Products;
			sourceTree = "<group>";
		};
		A90614FD21F9D05100CB8C20 /* Twitter */ = {
			isa = PBXGroup;
			children = (
				A906152921FA17B800CB8C20 /* Twitter.entitlements */,
				A906151721F9D87500CB8C20 /* Delegates */,
				A970E9902200CF0E00CF324F /* Models */,
				A906151921F9D8AE00CB8C20 /* Views */,
				A906151A21F9D8C800CB8C20 /* Controllers */,
				A906151B21F9D8E500CB8C20 /* Resources */,
			);
			path = Twitter;
			sourceTree = "<group>";
		};
		A906151721F9D87500CB8C20 /* Delegates */ = {
			isa = PBXGroup;
			children = (
				A90614FE21F9D05100CB8C20 /* AppDelegate.h */,
				A90614FF21F9D05100CB8C20 /* AppDelegate.m */,
			);
			path = Delegates;
			sourceTree = "<group>";
		};
		A906151921F9D8AE00CB8C20 /* Views */ = {
			isa = PBXGroup;
			children = (
				A906150C21F9D05400CB8C20 /* LaunchScreen.storyboard */,
				A906151E21F9F4D700CB8C20 /* Login.storyboard */,
				A906150721F9D05100CB8C20 /* Feed.storyboard */,
				A906153721FB28F600CB8C20 /* Search.storyboard */,
			);
			path = Views;
			sourceTree = "<group>";
		};
		A906151A21F9D8C800CB8C20 /* Controllers */ = {
			isa = PBXGroup;
			children = (
				A906152021F9FEA700CB8C20 /* Login */,
				A906152121F9FEAF00CB8C20 /* Feed */,
				A970E98C2200624B00CF324F /* Tweet */,
				A906153A21FB296900CB8C20 /* Settings */,
				A970E9BC2202E43600CF324F /* Bookmark */,
				A906153E21FB476800CB8C20 /* SideMenu */,
			);
			path = Controllers;
			sourceTree = "<group>";
		};
		A906151B21F9D8E500CB8C20 /* Resources */ = {
			isa = PBXGroup;
			children = (
				A970E98A22004AC900CF324F /* Assets.xcassets */,
				A906150F21F9D05400CB8C20 /* Info.plist */,
				A9FBC50D21FF14A100F2DE98 /* GoogleService-Info.plist */,
				A906151021F9D05400CB8C20 /* main.m */,
			);
			path = Resources;
			sourceTree = "<group>";
		};
		A906152021F9FEA700CB8C20 /* Login */ = {
			isa = PBXGroup;
			children = (
				A906152221F9FEDA00CB8C20 /* LoginViewController.h */,
				A906152321F9FEDA00CB8C20 /* LoginViewController.m */,
				A906152521FA094200CB8C20 /* RegisterViewController.h */,
				A906152621FA094200CB8C20 /* RegisterViewController.m */,
				A970E98721FF2CDE00CF324F /* RegisterDetailViewController.h */,
				A970E98821FF2CDE00CF324F /* RegisterDetailViewController.m */,
			);
			path = Login;
			sourceTree = "<group>";
		};
		A906152121F9FEAF00CB8C20 /* Feed */ = {
			isa = PBXGroup;
			children = (
				A906153421FB131D00CB8C20 /* FeedTableViewCell.h */,
				A906153521FB131D00CB8C20 /* FeedTableViewCell.m */,
				A906150121F9D05100CB8C20 /* FeedViewController.h */,
				A906150221F9D05100CB8C20 /* FeedViewController.m */,
				A906152A21FB06EF00CB8C20 /* TwitViewController.h */,
				A906152B21FB06EF00CB8C20 /* TwitViewController.m */,
			);
			path = Feed;
			sourceTree = "<group>";
		};
		A906153A21FB296900CB8C20 /* Settings */ = {
			isa = PBXGroup;
			children = (
				A970E9942201CF3800CF324F /* SearchTableViewCell.h */,
				A970E9952201CF3800CF324F /* SearchTableViewCell.m */,
				A906150421F9D05100CB8C20 /* SearchViewController.h */,
				A906150521F9D05100CB8C20 /* SearchViewController.m */,
			);
			path = Settings;
			sourceTree = "<group>";
		};
		A906153E21FB476800CB8C20 /* SideMenu */ = {
			isa = PBXGroup;
			children = (
				A906153B21FB45BF00CB8C20 /* SideMenuViewController.h */,
				A906153C21FB45BF00CB8C20 /* SideMenuViewController.m */,
				A906154421FB479A00CB8C20 /* MMDrawerController.h */,
				A906154321FB479A00CB8C20 /* MMDrawerController.m */,
				A906154F21FB663000CB8C20 /* UIViewController+MMDrawerController.h */,
				A906155021FB663000CB8C20 /* UIViewController+MMDrawerController.m */,
			);
			path = SideMenu;
			sourceTree = "<group>";
		};
		A970E98C2200624B00CF324F /* Tweet */ = {
			isa = PBXGroup;
			children = (
				A970E98D2200626C00CF324F /* AddTweetViewController.h */,
				A970E98E2200626C00CF324F /* AddTweetViewController.m */,
			);
			path = Tweet;
			sourceTree = "<group>";
		};
		A970E9902200CF0E00CF324F /* Models */ = {
			isa = PBXGroup;
			children = (
				A970E9912200CF2700CF324F /* TweetFirebase.h */,
				A970E9922200CF2700CF324F /* TweetFirebase.m */,
				A970E9972201E1A800CF324F /* UserFirebase.h */,
				A970E9982201E1A800CF324F /* UserFirebase.m */,
				A9B3A8C12202ED9300502B6B /* TweetRealm.h */,
				A9B3A8C22202ED9300502B6B /* TweetRealm.m */,
			);
			path = Models;
			sourceTree = "<group>";
		};
		A970E9BC2202E43600CF324F /* Bookmark */ = {
			isa = PBXGroup;
			children = (
				A9F738DE22BFF851009B4173 /* Twitter-Bridging-Header.h */,
				A970E9C02202E48300CF324F /* BookmarkTableViewCell.swift */,
				A9B3A8C9220315B800502B6B /* BookmarkViewController.swift */,
				A9198E202203406E00ACEAC7 /* DetailBookmarkViewController.swift */,
			);
			path = Bookmark;
			sourceTree = "<group>";
		};
/* End PBXGroup section */

/* Begin PBXNativeTarget section */
		A90614FA21F9D05100CB8C20 /* Twitter */ = {
			isa = PBXNativeTarget;
			buildConfigurationList = A906151421F9D05400CB8C20 /* Build configuration list for PBXNativeTarget "Twitter" */;
			buildPhases = (
				97B3B87B7D4378DD7F4F4C14 /* [CP] Check Pods Manifest.lock */,
				A90614F721F9D05100CB8C20 /* Sources */,
				A90614F821F9D05100CB8C20 /* Frameworks */,
				A90614F921F9D05100CB8C20 /* Resources */,
			);
			buildRules = (
			);
			dependencies = (
			);
			name = Twitter;
			productName = Twitter;
			productReference = A90614FB21F9D05100CB8C20 /* Twitter.app */;
			productType = "com.apple.product-type.application";
		};
/* End PBXNativeTarget section */

/* Begin PBXProject section */
		A90614F321F9D05100CB8C20 /* Project object */ = {
			isa = PBXProject;
			attributes = {
				LastUpgradeCheck = 1020;
				ORGANIZATIONNAME = GkFoxes;
				TargetAttributes = {
					A90614FA21F9D05100CB8C20 = {
						CreatedOnToolsVersion = 10.1;
						LastSwiftMigration = 1020;
						SystemCapabilities = {
							com.apple.Keychain = {
								enabled = 1;
							};
						};
					};
				};
			};
			buildConfigurationList = A90614F621F9D05100CB8C20 /* Build configuration list for PBXProject "Twitter" */;
			compatibilityVersion = "Xcode 9.3";
			developmentRegion = en;
			hasScannedForEncodings = 0;
			knownRegions = (
				en,
				Base,
			);
			mainGroup = A90614F221F9D05100CB8C20;
			productRefGroup = A90614FC21F9D05100CB8C20 /* Products */;
			projectDirPath = "";
			projectRoot = "";
			targets = (
				A90614FA21F9D05100CB8C20 /* Twitter */,
			);
		};
/* End PBXProject section */

/* Begin PBXResourcesBuildPhase section */
		A90614F921F9D05100CB8C20 /* Resources */ = {
			isa = PBXResourcesBuildPhase;
			buildActionMask = 2147483647;
			files = (
				A906151F21F9F4D700CB8C20 /* Login.storyboard in Resources */,
				A906150E21F9D05400CB8C20 /* LaunchScreen.storyboard in Resources */,
				A906150921F9D05100CB8C20 /* Feed.storyboard in Resources */,
				A906153921FB28F600CB8C20 /* Search.storyboard in Resources */,
				A970E98B22004AC900CF324F /* Assets.xcassets in Resources */,
				A9FBC50E21FF14A200F2DE98 /* GoogleService-Info.plist in Resources */,
			);
			runOnlyForDeploymentPostprocessing = 0;
		};
/* End PBXResourcesBuildPhase section */

/* Begin PBXShellScriptBuildPhase section */
		97B3B87B7D4378DD7F4F4C14 /* [CP] Check Pods Manifest.lock */ = {
			isa = PBXShellScriptBuildPhase;
			buildActionMask = 2147483647;
			files = (
			);
			inputPaths = (
				"${PODS_PODFILE_DIR_PATH}/Podfile.lock",
				"${PODS_ROOT}/Manifest.lock",
			);
			name = "[CP] Check Pods Manifest.lock";
			outputPaths = (
				"$(DERIVED_FILE_DIR)/Pods-Twitter-checkManifestLockResult.txt",
			);
			runOnlyForDeploymentPostprocessing = 0;
			shellPath = /bin/sh;
			shellScript = "diff \"${PODS_PODFILE_DIR_PATH}/Podfile.lock\" \"${PODS_ROOT}/Manifest.lock\" > /dev/null\nif [ $? != 0 ] ; then\n    # print error to STDERR\n    echo \"error: The sandbox is not in sync with the Podfile.lock. Run 'pod install' or update your CocoaPods installation.\" >&2\n    exit 1\nfi\n# This output is used by Xcode 'outputs' to avoid re-running this script phase.\necho \"SUCCESS\" > \"${SCRIPT_OUTPUT_FILE_0}\"\n";
			showEnvVarsInLog = 0;
		};
/* End PBXShellScriptBuildPhase section */

/* Begin PBXSourcesBuildPhase section */
		A90614F721F9D05100CB8C20 /* Sources */ = {
			isa = PBXSourcesBuildPhase;
			buildActionMask = 2147483647;
			files = (
				A970E98921FF2CDE00CF324F /* RegisterDetailViewController.m in Sources */,
				A906155121FB663000CB8C20 /* UIViewController+MMDrawerController.m in Sources */,
				A970E98F2200626C00CF324F /* AddTweetViewController.m in Sources */,
				A9B3A8CA220315B800502B6B /* BookmarkViewController.swift in Sources */,
				A906153D21FB45BF00CB8C20 /* SideMenuViewController.m in Sources */,
				A906150621F9D05100CB8C20 /* SearchViewController.m in Sources */,
				A906153621FB131D00CB8C20 /* FeedTableViewCell.m in Sources */,
				A906154B21FB479A00CB8C20 /* MMDrawerController.m in Sources */,
				A906152721FA094200CB8C20 /* RegisterViewController.m in Sources */,
				A906150021F9D05100CB8C20 /* AppDelegate.m in Sources */,
				A9B3A8C32202ED9300502B6B /* TweetRealm.m in Sources */,
				A970E9992201E1A800CF324F /* UserFirebase.m in Sources */,
				A906152C21FB06EF00CB8C20 /* TwitViewController.m in Sources */,
				A970E9C12202E48300CF324F /* BookmarkTableViewCell.swift in Sources */,
				A906151121F9D05400CB8C20 /* main.m in Sources */,
				A906150321F9D05100CB8C20 /* FeedViewController.m in Sources */,
				A970E9932200CF2700CF324F /* TweetFirebase.m in Sources */,
				A9198E212203406E00ACEAC7 /* DetailBookmarkViewController.swift in Sources */,
				A906152421F9FEDA00CB8C20 /* LoginViewController.m in Sources */,
				A970E9962201CF3800CF324F /* SearchTableViewCell.m in Sources */,
			);
			runOnlyForDeploymentPostprocessing = 0;
		};
/* End PBXSourcesBuildPhase section */

/* Begin PBXVariantGroup section */
		A906150721F9D05100CB8C20 /* Feed.storyboard */ = {
			isa = PBXVariantGroup;
			children = (
				A906150821F9D05100CB8C20 /* Base */,
			);
			name = Feed.storyboard;
			sourceTree = "<group>";
		};
		A906150C21F9D05400CB8C20 /* LaunchScreen.storyboard */ = {
			isa = PBXVariantGroup;
			children = (
				A906150D21F9D05400CB8C20 /* Base */,
			);
			name = LaunchScreen.storyboard;
			sourceTree = "<group>";
		};
		A906153721FB28F600CB8C20 /* Search.storyboard */ = {
			isa = PBXVariantGroup;
			children = (
				A906153821FB28F600CB8C20 /* Base */,
			);
			name = Search.storyboard;
			sourceTree = "<group>";
		};
/* End PBXVariantGroup section */

/* Begin XCBuildConfiguration section */
		A906151221F9D05400CB8C20 /* Debug */ = {
			isa = XCBuildConfiguration;
			buildSettings = {
				ALWAYS_SEARCH_USER_PATHS = NO;
				CLANG_ANALYZER_NONNULL = YES;
				CLANG_ANALYZER_NUMBER_OBJECT_CONVERSION = YES_AGGRESSIVE;
				CLANG_CXX_LANGUAGE_STANDARD = "gnu++14";
				CLANG_CXX_LIBRARY = "libc++";
				CLANG_ENABLE_MODULES = YES;
				CLANG_ENABLE_OBJC_ARC = YES;
				CLANG_ENABLE_OBJC_WEAK = YES;
				CLANG_WARN_BLOCK_CAPTURE_AUTORELEASING = YES;
				CLANG_WARN_BOOL_CONVERSION = YES;
				CLANG_WARN_COMMA = YES;
				CLANG_WARN_CONSTANT_CONVERSION = YES;
				CLANG_WARN_DEPRECATED_OBJC_IMPLEMENTATIONS = YES;
				CLANG_WARN_DIRECT_OBJC_ISA_USAGE = YES_ERROR;
				CLANG_WARN_DOCUMENTATION_COMMENTS = YES;
				CLANG_WARN_EMPTY_BODY = YES;
				CLANG_WARN_ENUM_CONVERSION = YES;
				CLANG_WARN_INFINITE_RECURSION = YES;
				CLANG_WARN_INT_CONVERSION = YES;
				CLANG_WARN_NON_LITERAL_NULL_CONVERSION = YES;
				CLANG_WARN_OBJC_IMPLICIT_RETAIN_SELF = YES;
				CLANG_WARN_OBJC_LITERAL_CONVERSION = YES;
				CLANG_WARN_OBJC_ROOT_CLASS = YES_ERROR;
				CLANG_WARN_RANGE_LOOP_ANALYSIS = YES;
				CLANG_WARN_STRICT_PROTOTYPES = YES;
				CLANG_WARN_SUSPICIOUS_MOVE = YES;
				CLANG_WARN_UNGUARDED_AVAILABILITY = YES_AGGRESSIVE;
				CLANG_WARN_UNREACHABLE_CODE = YES;
				CLANG_WARN__DUPLICATE_METHOD_MATCH = YES;
				CODE_SIGN_IDENTITY = "iPhone Developer";
				COPY_PHASE_STRIP = NO;
				DEBUG_INFORMATION_FORMAT = dwarf;
				ENABLE_STRICT_OBJC_MSGSEND = YES;
				ENABLE_TESTABILITY = YES;
				GCC_C_LANGUAGE_STANDARD = gnu11;
				GCC_DYNAMIC_NO_PIC = NO;
				GCC_NO_COMMON_BLOCKS = YES;
				GCC_OPTIMIZATION_LEVEL = 0;
				GCC_PREPROCESSOR_DEFINITIONS = (
					"DEBUG=1",
					"$(inherited)",
				);
				GCC_WARN_64_TO_32_BIT_CONVERSION = YES;
				GCC_WARN_ABOUT_RETURN_TYPE = YES_ERROR;
				GCC_WARN_UNDECLARED_SELECTOR = YES;
				GCC_WARN_UNINITIALIZED_AUTOS = YES_AGGRESSIVE;
				GCC_WARN_UNUSED_FUNCTION = YES;
				GCC_WARN_UNUSED_VARIABLE = YES;
				IPHONEOS_DEPLOYMENT_TARGET = 12.1;
				MTL_ENABLE_DEBUG_INFO = INCLUDE_SOURCE;
				MTL_FAST_MATH = YES;
				ONLY_ACTIVE_ARCH = YES;
				SDKROOT = iphoneos;
			};
			name = Debug;
		};
		A906151321F9D05400CB8C20 /* Release */ = {
			isa = XCBuildConfiguration;
			buildSettings = {
				ALWAYS_SEARCH_USER_PATHS = NO;
				CLANG_ANALYZER_NONNULL = YES;
				CLANG_ANALYZER_NUMBER_OBJECT_CONVERSION = YES_AGGRESSIVE;
				CLANG_CXX_LANGUAGE_STANDARD = "gnu++14";
				CLANG_CXX_LIBRARY = "libc++";
				CLANG_ENABLE_MODULES = YES;
				CLANG_ENABLE_OBJC_ARC = YES;
				CLANG_ENABLE_OBJC_WEAK = YES;
				CLANG_WARN_BLOCK_CAPTURE_AUTORELEASING = YES;
				CLANG_WARN_BOOL_CONVERSION = YES;
				CLANG_WARN_COMMA = YES;
				CLANG_WARN_CONSTANT_CONVERSION = YES;
				CLANG_WARN_DEPRECATED_OBJC_IMPLEMENTATIONS = YES;
				CLANG_WARN_DIRECT_OBJC_ISA_USAGE = YES_ERROR;
				CLANG_WARN_DOCUMENTATION_COMMENTS = YES;
				CLANG_WARN_EMPTY_BODY = YES;
				CLANG_WARN_ENUM_CONVERSION = YES;
				CLANG_WARN_INFINITE_RECURSION = YES;
				CLANG_WARN_INT_CONVERSION = YES;
				CLANG_WARN_NON_LITERAL_NULL_CONVERSION = YES;
				CLANG_WARN_OBJC_IMPLICIT_RETAIN_SELF = YES;
				CLANG_WARN_OBJC_LITERAL_CONVERSION = YES;
				CLANG_WARN_OBJC_ROOT_CLASS = YES_ERROR;
				CLANG_WARN_RANGE_LOOP_ANALYSIS = YES;
				CLANG_WARN_STRICT_PROTOTYPES = YES;
				CLANG_WARN_SUSPICIOUS_MOVE = YES;
				CLANG_WARN_UNGUARDED_AVAILABILITY = YES_AGGRESSIVE;
				CLANG_WARN_UNREACHABLE_CODE = YES;
				CLANG_WARN__DUPLICATE_METHOD_MATCH = YES;
				CODE_SIGN_IDENTITY = "iPhone Developer";
				COPY_PHASE_STRIP = NO;
				DEBUG_INFORMATION_FORMAT = "dwarf-with-dsym";
				ENABLE_NS_ASSERTIONS = NO;
				ENABLE_STRICT_OBJC_MSGSEND = YES;
				GCC_C_LANGUAGE_STANDARD = gnu11;
				GCC_NO_COMMON_BLOCKS = YES;
				GCC_WARN_64_TO_32_BIT_CONVERSION = YES;
				GCC_WARN_ABOUT_RETURN_TYPE = YES_ERROR;
				GCC_WARN_UNDECLARED_SELECTOR = YES;
				GCC_WARN_UNINITIALIZED_AUTOS = YES_AGGRESSIVE;
				GCC_WARN_UNUSED_FUNCTION = YES;
				GCC_WARN_UNUSED_VARIABLE = YES;
				IPHONEOS_DEPLOYMENT_TARGET = 12.1;
				MTL_ENABLE_DEBUG_INFO = NO;
				MTL_FAST_MATH = YES;
				SDKROOT = iphoneos;
				SWIFT_COMPILATION_MODE = wholemodule;
				VALIDATE_PRODUCT = YES;
			};
			name = Release;
		};
		A906151521F9D05400CB8C20 /* Debug */ = {
			isa = XCBuildConfiguration;
			baseConfigurationReference = 0160BBE7BAD668898327FB65 /* Pods-Twitter.debug.xcconfig */;
			buildSettings = {
				ASSETCATALOG_COMPILER_APPICON_NAME = AppIcon;
				CLANG_ENABLE_MODULES = YES;
				CODE_SIGN_ENTITLEMENTS = Twitter/Twitter.entitlements;
				CODE_SIGN_STYLE = Automatic;
				DEVELOPMENT_TEAM = 2NKCB3S776;
				INFOPLIST_FILE = "$(SRCROOT)/Twitter/Resources/Info.plist";
				LD_RUNPATH_SEARCH_PATHS = (
					"$(inherited)",
					"@executable_path/Frameworks",
				);
				PRODUCT_BUNDLE_IDENTIFIER = ru.GkFoxes.Twitter;
				PRODUCT_NAME = "$(TARGET_NAME)";
				SWIFT_OBJC_BRIDGING_HEADER = "Twitter/Controllers/Bookmark/Twitter-Bridging-Header.h";
				SWIFT_OPTIMIZATION_LEVEL = "-Onone";
				SWIFT_VERSION = 5.0;
				TARGETED_DEVICE_FAMILY = "1,2";
			};
			name = Debug;
		};
		A906151621F9D05400CB8C20 /* Release */ = {
			isa = XCBuildConfiguration;
			baseConfigurationReference = 0DF59DBF5BF6958ABF6C1DC1 /* Pods-Twitter.release.xcconfig */;
			buildSettings = {
				ASSETCATALOG_COMPILER_APPICON_NAME = AppIcon;
				CLANG_ENABLE_MODULES = YES;
				CODE_SIGN_ENTITLEMENTS = Twitter/Twitter.entitlements;
				CODE_SIGN_STYLE = Automatic;
				DEVELOPMENT_TEAM = 2NKCB3S776;
				INFOPLIST_FILE = "$(SRCROOT)/Twitter/Resources/Info.plist";
				LD_RUNPATH_SEARCH_PATHS = (
					"$(inherited)",
					"@executable_path/Frameworks",
				);
				PRODUCT_BUNDLE_IDENTIFIER = ru.GkFoxes.Twitter;
				PRODUCT_NAME = "$(TARGET_NAME)";
				SWIFT_OBJC_BRIDGING_HEADER = "Twitter/Controllers/Bookmark/Twitter-Bridging-Header.h";
				SWIFT_VERSION = 5.0;
				TARGETED_DEVICE_FAMILY = "1,2";
			};
			name = Release;
		};
/* End XCBuildConfiguration section */

/* Begin XCConfigurationList section */
		A90614F621F9D05100CB8C20 /* Build configuration list for PBXProject "Twitter" */ = {
			isa = XCConfigurationList;
			buildConfigurations = (
				A906151221F9D05400CB8C20 /* Debug */,
				A906151321F9D05400CB8C20 /* Release */,
			);
			defaultConfigurationIsVisible = 0;
			defaultConfigurationName = Release;
		};
		A906151421F9D05400CB8C20 /* Build configuration list for PBXNativeTarget "Twitter" */ = {
			isa = XCConfigurationList;
			buildConfigurations = (
				A906151521F9D05400CB8C20 /* Debug */,
				A906151621F9D05400CB8C20 /* Release */,
			);
			defaultConfigurationIsVisible = 0;
			defaultConfigurationName = Release;
		};
/* End XCConfigurationList section */
	};
	rootObject = A90614F321F9D05100CB8C20 /* Project object */;
}
